// !$*UTF8*$!
{
	archiveVersion = 1;
	classes = {
	};
	objectVersion = 56;
	objects = {

/* Begin PBXBuildFile section */
		C229BC412A1FF48A0017D4F3 /* SevastopolApp.swift in Sources */ = {isa = PBXBuildFile; fileRef = C229BC402A1FF48A0017D4F3 /* SevastopolApp.swift */; };
		C229BC432A1FF48A0017D4F3 /* ContentView.swift in Sources */ = {isa = PBXBuildFile; fileRef = C229BC422A1FF48A0017D4F3 /* ContentView.swift */; };
		C229BC452A1FF48C0017D4F3 /* Assets.xcassets in Resources */ = {isa = PBXBuildFile; fileRef = C229BC442A1FF48C0017D4F3 /* Assets.xcassets */; };
		C229BC482A1FF48C0017D4F3 /* Preview Assets.xcassets in Resources */ = {isa = PBXBuildFile; fileRef = C229BC472A1FF48C0017D4F3 /* Preview Assets.xcassets */; };
		C229BC502A1FF54A0017D4F3 /* PlacesView.swift in Sources */ = {isa = PBXBuildFile; fileRef = C229BC4F2A1FF54A0017D4F3 /* PlacesView.swift */; };
		C229BC522A1FF7B90017D4F3 /* CityView.swift in Sources */ = {isa = PBXBuildFile; fileRef = C229BC512A1FF7B90017D4F3 /* CityView.swift */; };
		C229BC542A1FF8210017D4F3 /* MapView.swift in Sources */ = {isa = PBXBuildFile; fileRef = C229BC532A1FF8210017D4F3 /* MapView.swift */; };
		C229BC572A1FF8AF0017D4F3 /* Launch Screen.storyboard in Resources */ = {isa = PBXBuildFile; fileRef = C229BC562A1FF8AF0017D4F3 /* Launch Screen.storyboard */; };
		C229BC5A2A1FFC4A0017D4F3 /* sights.json in Resources */ = {isa = PBXBuildFile; fileRef = C229BC592A1FFC4A0017D4F3 /* sights.json */; };
		C229BC5C2A1FFC550017D4F3 /* locations.json in Resources */ = {isa = PBXBuildFile; fileRef = C229BC5B2A1FFC550017D4F3 /* locations.json */; };
		C229BC5E2A1FFC5D0017D4F3 /* sevastopol.json in Resources */ = {isa = PBXBuildFile; fileRef = C229BC5D2A1FFC5D0017D4F3 /* sevastopol.json */; };
		C229BC612A1FFCC00017D4F3 /* Places.swift in Sources */ = {isa = PBXBuildFile; fileRef = C229BC602A1FFCC00017D4F3 /* Places.swift */; };
		C229BC642A1FFE620017D4F3 /* CodableExtension.swift in Sources */ = {isa = PBXBuildFile; fileRef = C229BC632A1FFE620017D4F3 /* CodableExtension.swift */; };
		C2540FB02A2138C6003B9C11 /* PlacesListView.swift in Sources */ = {isa = PBXBuildFile; fileRef = C2540FAF2A2138C6003B9C11 /* PlacesListView.swift */; };
		C2540FB22A2142B7003B9C11 /* PlaceDetailView.swift in Sources */ = {isa = PBXBuildFile; fileRef = C2540FB12A2142B6003B9C11 /* PlaceDetailView.swift */; };
		C2540FB42A214678003B9C11 /* GalleryView.swift in Sources */ = {isa = PBXBuildFile; fileRef = C2540FB32A214678003B9C11 /* GalleryView.swift */; };
		C2540FB62A228F25003B9C11 /* Sevastopol.swift in Sources */ = {isa = PBXBuildFile; fileRef = C2540FB52A228F25003B9C11 /* Sevastopol.swift */; };
		C2540FB82A229038003B9C11 /* CityDetailsView.swift in Sources */ = {isa = PBXBuildFile; fileRef = C2540FB72A229038003B9C11 /* CityDetailsView.swift */; };
		C2540FBA2A23E3A6003B9C11 /* MapDetailView.swift in Sources */ = {isa = PBXBuildFile; fileRef = C2540FB92A23E3A6003B9C11 /* MapDetailView.swift */; };
		C2540FBC2A23E9D1003B9C11 /* Location.swift in Sources */ = {isa = PBXBuildFile; fileRef = C2540FBB2A23E9D1003B9C11 /* Location.swift */; };
		C28C36F82A38D62F00A3E67B /* AnnotationMapView.swift in Sources */ = {isa = PBXBuildFile; fileRef = C28C36F72A38D62F00A3E67B /* AnnotationMapView.swift */; };
/* End PBXBuildFile section */

/* Begin PBXFileReference section */
		C229BC3D2A1FF48A0017D4F3 /* Sevastopol.app */ = {isa = PBXFileReference; explicitFileType = wrapper.application; includeInIndex = 0; path = Sevastopol.app; sourceTree = BUILT_PRODUCTS_DIR; };
		C229BC402A1FF48A0017D4F3 /* SevastopolApp.swift */ = {isa = PBXFileReference; lastKnownFileType = sourcecode.swift; path = SevastopolApp.swift; sourceTree = "<group>"; };
		C229BC422A1FF48A0017D4F3 /* ContentView.swift */ = {isa = PBXFileReference; lastKnownFileType = sourcecode.swift; path = ContentView.swift; sourceTree = "<group>"; };
		C229BC442A1FF48C0017D4F3 /* Assets.xcassets */ = {isa = PBXFileReference; lastKnownFileType = folder.assetcatalog; path = Assets.xcassets; sourceTree = "<group>"; };
		C229BC472A1FF48C0017D4F3 /* Preview Assets.xcassets */ = {isa = PBXFileReference; lastKnownFileType = folder.assetcatalog; path = "Preview Assets.xcassets"; sourceTree = "<group>"; };
		C229BC4F2A1FF54A0017D4F3 /* PlacesView.swift */ = {isa = PBXFileReference; lastKnownFileType = sourcecode.swift; path = PlacesView.swift; sourceTree = "<group>"; };
		C229BC512A1FF7B90017D4F3 /* CityView.swift */ = {isa = PBXFileReference; lastKnownFileType = sourcecode.swift; path = CityView.swift; sourceTree = "<group>"; };
		C229BC532A1FF8210017D4F3 /* MapView.swift */ = {isa = PBXFileReference; lastKnownFileType = sourcecode.swift; path = MapView.swift; sourceTree = "<group>"; };
		C229BC562A1FF8AF0017D4F3 /* Launch Screen.storyboard */ = {isa = PBXFileReference; lastKnownFileType = file.storyboard; path = "Launch Screen.storyboard"; sourceTree = "<group>"; };
		C229BC592A1FFC4A0017D4F3 /* sights.json */ = {isa = PBXFileReference; fileEncoding = 4; lastKnownFileType = text.json; name = sights.json; path = data/sights.json; sourceTree = SOURCE_ROOT; };
		C229BC5B2A1FFC550017D4F3 /* locations.json */ = {isa = PBXFileReference; fileEncoding = 4; lastKnownFileType = text.json; name = locations.json; path = data/locations.json; sourceTree = SOURCE_ROOT; };
		C229BC5D2A1FFC5D0017D4F3 /* sevastopol.json */ = {isa = PBXFileReference; fileEncoding = 4; lastKnownFileType = text.json; name = sevastopol.json; path = data/sevastopol.json; sourceTree = SOURCE_ROOT; };
		C229BC602A1FFCC00017D4F3 /* Places.swift */ = {isa = PBXFileReference; lastKnownFileType = sourcecode.swift; path = Places.swift; sourceTree = "<group>"; };
		C229BC632A1FFE620017D4F3 /* CodableExtension.swift */ = {isa = PBXFileReference; lastKnownFileType = sourcecode.swift; path = CodableExtension.swift; sourceTree = "<group>"; };
		C2540FAF2A2138C6003B9C11 /* PlacesListView.swift */ = {isa = PBXFileReference; lastKnownFileType = sourcecode.swift; path = PlacesListView.swift; sourceTree = "<group>"; };
		C2540FB12A2142B6003B9C11 /* PlaceDetailView.swift */ = {isa = PBXFileReference; lastKnownFileType = sourcecode.swift; path = PlaceDetailView.swift; sourceTree = "<group>"; };
		C2540FB32A214678003B9C11 /* GalleryView.swift */ = {isa = PBXFileReference; lastKnownFileType = sourcecode.swift; path = GalleryView.swift; sourceTree = "<group>"; };
		C2540FB52A228F25003B9C11 /* Sevastopol.swift */ = {isa = PBXFileReference; lastKnownFileType = sourcecode.swift; path = Sevastopol.swift; sourceTree = "<group>"; };
		C2540FB72A229038003B9C11 /* CityDetailsView.swift */ = {isa = PBXFileReference; lastKnownFileType = sourcecode.swift; path = CityDetailsView.swift; sourceTree = "<group>"; };
		C2540FB92A23E3A6003B9C11 /* MapDetailView.swift */ = {isa = PBXFileReference; lastKnownFileType = sourcecode.swift; path = MapDetailView.swift; sourceTree = "<group>"; };
		C2540FBB2A23E9D1003B9C11 /* Location.swift */ = {isa = PBXFileReference; lastKnownFileType = sourcecode.swift; path = Location.swift; sourceTree = "<group>"; };
		C28C36F72A38D62F00A3E67B /* AnnotationMapView.swift */ = {isa = PBXFileReference; lastKnownFileType = sourcecode.swift; path = AnnotationMapView.swift; sourceTree = "<group>"; };
/* End PBXFileReference section */

/* Begin PBXFrameworksBuildPhase section */
		C229BC3A2A1FF48A0017D4F3 /* Frameworks */ = {
			isa = PBXFrameworksBuildPhase;
			buildActionMask = 2147483647;
			files = (
			);
			runOnlyForDeploymentPostprocessing = 0;
		};
/* End PBXFrameworksBuildPhase section */

/* Begin PBXGroup section */
		C229BC342A1FF4890017D4F3 = {
			isa = PBXGroup;
			children = (
				C229BC3F2A1FF48A0017D4F3 /* Sevastopol */,
				C229BC3E2A1FF48A0017D4F3 /* Products */,
			);
			sourceTree = "<group>";
		};
		C229BC3E2A1FF48A0017D4F3 /* Products */ = {
			isa = PBXGroup;
			children = (
				C229BC3D2A1FF48A0017D4F3 /* Sevastopol.app */,
			);
			name = Products;
			sourceTree = "<group>";
		};
		C229BC3F2A1FF48A0017D4F3 /* Sevastopol */ = {
			isa = PBXGroup;
			children = (
				C229BC402A1FF48A0017D4F3 /* SevastopolApp.swift */,
				C229BC4E2A1FF5330017D4F3 /* App */,
				C229BC5F2A1FFC8D0017D4F3 /* Models */,
				C229BC552A1FF87F0017D4F3 /* LaunchScreen */,
				C229BC582A1FFBE80017D4F3 /* Data */,
				C229BC622A1FFE280017D4F3 /* Extension */,
				C2540FAE2A21388C003B9C11 /* Views */,
				C229BC442A1FF48C0017D4F3 /* Assets.xcassets */,
				C229BC462A1FF48C0017D4F3 /* Preview Content */,
			);
			path = Sevastopol;
			sourceTree = "<group>";
		};
		C229BC462A1FF48C0017D4F3 /* Preview Content */ = {
			isa = PBXGroup;
			children = (
				C229BC472A1FF48C0017D4F3 /* Preview Assets.xcassets */,
			);
			path = "Preview Content";
			sourceTree = "<group>";
		};
		C229BC4E2A1FF5330017D4F3 /* App */ = {
			isa = PBXGroup;
			children = (
				C229BC422A1FF48A0017D4F3 /* ContentView.swift */,
				C229BC4F2A1FF54A0017D4F3 /* PlacesView.swift */,
				C229BC512A1FF7B90017D4F3 /* CityView.swift */,
				C229BC532A1FF8210017D4F3 /* MapView.swift */,
			);
			path = App;
			sourceTree = "<group>";
		};
		C229BC552A1FF87F0017D4F3 /* LaunchScreen */ = {
			isa = PBXGroup;
			children = (
				C229BC562A1FF8AF0017D4F3 /* Launch Screen.storyboard */,
			);
			path = LaunchScreen;
			sourceTree = "<group>";
		};
		C229BC582A1FFBE80017D4F3 /* Data */ = {
			isa = PBXGroup;
			children = (
				C229BC592A1FFC4A0017D4F3 /* sights.json */,
				C229BC5B2A1FFC550017D4F3 /* locations.json */,
				C229BC5D2A1FFC5D0017D4F3 /* sevastopol.json */,
			);
			path = Data;
			sourceTree = "<group>";
		};
		C229BC5F2A1FFC8D0017D4F3 /* Models */ = {
			isa = PBXGroup;
			children = (
				C229BC602A1FFCC00017D4F3 /* Places.swift */,
				C2540FB52A228F25003B9C11 /* Sevastopol.swift */,
				C2540FBB2A23E9D1003B9C11 /* Location.swift */,
			);
			path = Models;
			sourceTree = "<group>";
		};
		C229BC622A1FFE280017D4F3 /* Extension */ = {
			isa = PBXGroup;
			children = (
				C229BC632A1FFE620017D4F3 /* CodableExtension.swift */,
			);
			path = Extension;
			sourceTree = "<group>";
		};
		C2540FAE2A21388C003B9C11 /* Views */ = {
			isa = PBXGroup;
			children = (
				C2540FAF2A2138C6003B9C11 /* PlacesListView.swift */,
				C2540FB12A2142B6003B9C11 /* PlaceDetailView.swift */,
				C2540FB32A214678003B9C11 /* GalleryView.swift */,
				C2540FB72A229038003B9C11 /* CityDetailsView.swift */,
				C2540FB92A23E3A6003B9C11 /* MapDetailView.swift */,
				C28C36F72A38D62F00A3E67B /* AnnotationMapView.swift */,
			);
			path = Views;
			sourceTree = "<group>";
		};
/* End PBXGroup section */

/* Begin PBXNativeTarget section */
		C229BC3C2A1FF48A0017D4F3 /* Sevastopol */ = {
			isa = PBXNativeTarget;
			buildConfigurationList = C229BC4B2A1FF48C0017D4F3 /* Build configuration list for PBXNativeTarget "Sevastopol" */;
			buildPhases = (
				C229BC392A1FF48A0017D4F3 /* Sources */,
				C229BC3A2A1FF48A0017D4F3 /* Frameworks */,
				C229BC3B2A1FF48A0017D4F3 /* Resources */,
			);
			buildRules = (
			);
			dependencies = (
			);
			name = Sevastopol;
			productName = Sevastopol;
			productReference = C229BC3D2A1FF48A0017D4F3 /* Sevastopol.app */;
			productType = "com.apple.product-type.application";
		};
/* End PBXNativeTarget section */

/* Begin PBXProject section */
		C229BC352A1FF4890017D4F3 /* Project object */ = {
			isa = PBXProject;
			attributes = {
				BuildIndependentTargetsInParallel = 1;
				LastSwiftUpdateCheck = 1420;
				LastUpgradeCheck = 1420;
				TargetAttributes = {
					C229BC3C2A1FF48A0017D4F3 = {
						CreatedOnToolsVersion = 14.2;
					};
				};
			};
			buildConfigurationList = C229BC382A1FF4890017D4F3 /* Build configuration list for PBXProject "Sevastopol" */;
			compatibilityVersion = "Xcode 14.0";
			developmentRegion = en;
			hasScannedForEncodings = 0;
			knownRegions = (
				en,
				Base,
			);
			mainGroup = C229BC342A1FF4890017D4F3;
			productRefGroup = C229BC3E2A1FF48A0017D4F3 /* Products */;
			projectDirPath = "";
			projectRoot = "";
			targets = (
				C229BC3C2A1FF48A0017D4F3 /* Sevastopol */,
			);
		};
/* End PBXProject section */

/* Begin PBXResourcesBuildPhase section */
		C229BC3B2A1FF48A0017D4F3 /* Resources */ = {
			isa = PBXResourcesBuildPhase;
			buildActionMask = 2147483647;
			files = (
				C229BC572A1FF8AF0017D4F3 /* Launch Screen.storyboard in Resources */,
				C229BC5A2A1FFC4A0017D4F3 /* sights.json in Resources */,
				C229BC5C2A1FFC550017D4F3 /* locations.json in Resources */,
				C229BC482A1FF48C0017D4F3 /* Preview Assets.xcassets in Resources */,
				C229BC452A1FF48C0017D4F3 /* Assets.xcassets in Resources */,
				C229BC5E2A1FFC5D0017D4F3 /* sevastopol.json in Resources */,
			);
			runOnlyForDeploymentPostprocessing = 0;
		};
/* End PBXResourcesBuildPhase section */

/* Begin PBXSourcesBuildPhase section */
		C229BC392A1FF48A0017D4F3 /* Sources */ = {
			isa = PBXSourcesBuildPhase;
			buildActionMask = 2147483647;
			files = (
				C2540FB62A228F25003B9C11 /* Sevastopol.swift in Sources */,
				C229BC642A1FFE620017D4F3 /* CodableExtension.swift in Sources */,
				C229BC432A1FF48A0017D4F3 /* ContentView.swift in Sources */,
				C229BC522A1FF7B90017D4F3 /* CityView.swift in Sources */,
				C229BC542A1FF8210017D4F3 /* MapView.swift in Sources */,
				C2540FB22A2142B7003B9C11 /* PlaceDetailView.swift in Sources */,
				C2540FBC2A23E9D1003B9C11 /* Location.swift in Sources */,
				C2540FB82A229038003B9C11 /* CityDetailsView.swift in Sources */,
				C28C36F82A38D62F00A3E67B /* AnnotationMapView.swift in Sources */,
				C229BC412A1FF48A0017D4F3 /* SevastopolApp.swift in Sources */,
				C2540FBA2A23E3A6003B9C11 /* MapDetailView.swift in Sources */,
				C229BC502A1FF54A0017D4F3 /* PlacesView.swift in Sources */,
				C2540FB02A2138C6003B9C11 /* PlacesListView.swift in Sources */,
				C229BC612A1FFCC00017D4F3 /* Places.swift in Sources */,
				C2540FB42A214678003B9C11 /* GalleryView.swift in Sources */,
			);
			runOnlyForDeploymentPostprocessing = 0;
		};
/* End PBXSourcesBuildPhase section */

/* Begin XCBuildConfiguration section */
		C229BC492A1FF48C0017D4F3 /* Debug */ = {
			isa = XCBuildConfiguration;
			buildSettings = {
				ALWAYS_SEARCH_USER_PATHS = NO;
				CLANG_ANALYZER_NONNULL = YES;
				CLANG_ANALYZER_NUMBER_OBJECT_CONVERSION = YES_AGGRESSIVE;
				CLANG_CXX_LANGUAGE_STANDARD = "gnu++20";
				CLANG_ENABLE_MODULES = YES;
				CLANG_ENABLE_OBJC_ARC = YES;
				CLANG_ENABLE_OBJC_WEAK = YES;
				CLANG_WARN_BLOCK_CAPTURE_AUTORELEASING = YES;
				CLANG_WARN_BOOL_CONVERSION = YES;
				CLANG_WARN_COMMA = YES;
				CLANG_WARN_CONSTANT_CONVERSION = YES;
				CLANG_WARN_DEPRECATED_OBJC_IMPLEMENTATIONS = YES;
				CLANG_WARN_DIRECT_OBJC_ISA_USAGE = YES_ERROR;
				CLANG_WARN_DOCUMENTATION_COMMENTS = YES;
				CLANG_WARN_EMPTY_BODY = YES;
				CLANG_WARN_ENUM_CONVERSION = YES;
				CLANG_WARN_INFINITE_RECURSION = YES;
				CLANG_WARN_INT_CONVERSION = YES;
				CLANG_WARN_NON_LITERAL_NULL_CONVERSION = YES;
				CLANG_WARN_OBJC_IMPLICIT_RETAIN_SELF = YES;
				CLANG_WARN_OBJC_LITERAL_CONVERSION = YES;
				CLANG_WARN_OBJC_ROOT_CLASS = YES_ERROR;
				CLANG_WARN_QUOTED_INCLUDE_IN_FRAMEWORK_HEADER = YES;
				CLANG_WARN_RANGE_LOOP_ANALYSIS = YES;
				CLANG_WARN_STRICT_PROTOTYPES = YES;
				CLANG_WARN_SUSPICIOUS_MOVE = YES;
				CLANG_WARN_UNGUARDED_AVAILABILITY = YES_AGGRESSIVE;
				CLANG_WARN_UNREACHABLE_CODE = YES;
				CLANG_WARN__DUPLICATE_METHOD_MATCH = YES;
				COPY_PHASE_STRIP = NO;
				DEBUG_INFORMATION_FORMAT = dwarf;
				ENABLE_STRICT_OBJC_MSGSEND = YES;
				ENABLE_TESTABILITY = YES;
				GCC_C_LANGUAGE_STANDARD = gnu11;
				GCC_DYNAMIC_NO_PIC = NO;
				GCC_NO_COMMON_BLOCKS = YES;
				GCC_OPTIMIZATION_LEVEL = 0;
				GCC_PREPROCESSOR_DEFINITIONS = (
					"DEBUG=1",
					"$(inherited)",
				);
				GCC_WARN_64_TO_32_BIT_CONVERSION = YES;
				GCC_WARN_ABOUT_RETURN_TYPE = YES_ERROR;
				GCC_WARN_UNDECLARED_SELECTOR = YES;
				GCC_WARN_UNINITIALIZED_AUTOS = YES_AGGRESSIVE;
				GCC_WARN_UNUSED_FUNCTION = YES;
				GCC_WARN_UNUSED_VARIABLE = YES;
				IPHONEOS_DEPLOYMENT_TARGET = 16.2;
				MTL_ENABLE_DEBUG_INFO = INCLUDE_SOURCE;
				MTL_FAST_MATH = YES;
				ONLY_ACTIVE_ARCH = YES;
				SDKROOT = iphoneos;
				SWIFT_ACTIVE_COMPILATION_CONDITIONS = DEBUG;
				SWIFT_OPTIMIZATION_LEVEL = "-Onone";
			};
			name = Debug;
		};
		C229BC4A2A1FF48C0017D4F3 /* Release */ = {
			isa = XCBuildConfiguration;
			buildSettings = {
				ALWAYS_SEARCH_USER_PATHS = NO;
				CLANG_ANALYZER_NONNULL = YES;
				CLANG_ANALYZER_NUMBER_OBJECT_CONVERSION = YES_AGGRESSIVE;
				CLANG_CXX_LANGUAGE_STANDARD = "gnu++20";
				CLANG_ENABLE_MODULES = YES;
				CLANG_ENABLE_OBJC_ARC = YES;
				CLANG_ENABLE_OBJC_WEAK = YES;
				CLANG_WARN_BLOCK_CAPTURE_AUTORELEASING = YES;
				CLANG_WARN_BOOL_CONVERSION = YES;
				CLANG_WARN_COMMA = YES;
				CLANG_WARN_CONSTANT_CONVERSION = YES;
				CLANG_WARN_DEPRECATED_OBJC_IMPLEMENTATIONS = YES;
				CLANG_WARN_DIRECT_OBJC_ISA_USAGE = YES_ERROR;
				CLANG_WARN_DOCUMENTATION_COMMENTS = YES;
				CLANG_WARN_EMPTY_BODY = YES;
				CLANG_WARN_ENUM_CONVERSION = YES;
				CLANG_WARN_INFINITE_RECURSION = YES;
				CLANG_WARN_INT_CONVERSION = YES;
				CLANG_WARN_NON_LITERAL_NULL_CONVERSION = YES;
				CLANG_WARN_OBJC_IMPLICIT_RETAIN_SELF = YES;
				CLANG_WARN_OBJC_LITERAL_CONVERSION = YES;
				CLANG_WARN_OBJC_ROOT_CLASS = YES_ERROR;
				CLANG_WARN_QUOTED_INCLUDE_IN_FRAMEWORK_HEADER = YES;
				CLANG_WARN_RANGE_LOOP_ANALYSIS = YES;
				CLANG_WARN_STRICT_PROTOTYPES = YES;
				CLANG_WARN_SUSPICIOUS_MOVE = YES;
				CLANG_WARN_UNGUARDED_AVAILABILITY = YES_AGGRESSIVE;
				CLANG_WARN_UNREACHABLE_CODE = YES;
				CLANG_WARN__DUPLICATE_METHOD_MATCH = YES;
				COPY_PHASE_STRIP = NO;
				DEBUG_INFORMATION_FORMAT = "dwarf-with-dsym";
				ENABLE_NS_ASSERTIONS = NO;
				ENABLE_STRICT_OBJC_MSGSEND = YES;
				GCC_C_LANGUAGE_STANDARD = gnu11;
				GCC_NO_COMMON_BLOCKS = YES;
				GCC_WARN_64_TO_32_BIT_CONVERSION = YES;
				GCC_WARN_ABOUT_RETURN_TYPE = YES_ERROR;
				GCC_WARN_UNDECLARED_SELECTOR = YES;
				GCC_WARN_UNINITIALIZED_AUTOS = YES_AGGRESSIVE;
				GCC_WARN_UNUSED_FUNCTION = YES;
				GCC_WARN_UNUSED_VARIABLE = YES;
				IPHONEOS_DEPLOYMENT_TARGET = 16.2;
				MTL_ENABLE_DEBUG_INFO = NO;
				MTL_FAST_MATH = YES;
				SDKROOT = iphoneos;
				SWIFT_COMPILATION_MODE = wholemodule;
				SWIFT_OPTIMIZATION_LEVEL = "-O";
				VALIDATE_PRODUCT = YES;
			};
			name = Release;
		};
		C229BC4C2A1FF48C0017D4F3 /* Debug */ = {
			isa = XCBuildConfiguration;
			buildSettings = {
				ASSETCATALOG_COMPILER_APPICON_NAME = AppIcon;
				ASSETCATALOG_COMPILER_GLOBAL_ACCENT_COLOR_NAME = AccentColor;
				CODE_SIGN_STYLE = Automatic;
				CURRENT_PROJECT_VERSION = 1;
				DEVELOPMENT_ASSET_PATHS = "\"Sevastopol/Preview Content\"";
				DEVELOPMENT_TEAM = 4X2RRQ5FN4;
				ENABLE_PREVIEWS = YES;
				GENERATE_INFOPLIST_FILE = YES;
				INFOPLIST_KEY_UIApplicationSceneManifest_Generation = YES;
				INFOPLIST_KEY_UIApplicationSupportsIndirectInputEvents = YES;
				INFOPLIST_KEY_UILaunchScreen_Generation = YES;
				INFOPLIST_KEY_UILaunchStoryboardName = "Launch Screen.storyboard";
				INFOPLIST_KEY_UISupportedInterfaceOrientations_iPad = "UIInterfaceOrientationPortrait UIInterfaceOrientationPortraitUpsideDown UIInterfaceOrientationLandscapeLeft UIInterfaceOrientationLandscapeRight";
				INFOPLIST_KEY_UISupportedInterfaceOrientations_iPhone = "UIInterfaceOrientationPortrait UIInterfaceOrientationLandscapeLeft UIInterfaceOrientationLandscapeRight";
				LD_RUNPATH_SEARCH_PATHS = (
					"$(inherited)",
					"@executable_path/Frameworks",
				);
				MARKETING_VERSION = 1.0;
				PRODUCT_BUNDLE_IDENTIFIER = Snow.Sevastopol;
				PRODUCT_NAME = "$(TARGET_NAME)";
				SUPPORTED_PLATFORMS = "iphoneos iphonesimulator";
				SUPPORTS_MACCATALYST = NO;
				SUPPORTS_MAC_DESIGNED_FOR_IPHONE_IPAD = NO;
				SWIFT_EMIT_LOC_STRINGS = YES;
				SWIFT_VERSION = 5.0;
				TARGETED_DEVICE_FAMILY = 1;
			};
			name = Debug;
		};
		C229BC4D2A1FF48C0017D4F3 /* Release */ = {
			isa = XCBuildConfiguration;
			buildSettings = {
				ASSETCATALOG_COMPILER_APPICON_NAME = AppIcon;
				ASSETCATALOG_COMPILER_GLOBAL_ACCENT_COLOR_NAME = AccentColor;
				CODE_SIGN_STYLE = Automatic;
				CURRENT_PROJECT_VERSION = 1;
				DEVELOPMENT_ASSET_PATHS = "\"Sevastopol/Preview Content\"";
				DEVELOPMENT_TEAM = 4X2RRQ5FN4;
				ENABLE_PREVIEWS = YES;
				GENERATE_INFOPLIST_FILE = YES;
				INFOPLIST_KEY_UIApplicationSceneManifest_Generation = YES;
				INFOPLIST_KEY_UIApplicationSupportsIndirectInputEvents = YES;
				INFOPLIST_KEY_UILaunchScreen_Generation = YES;
				INFOPLIST_KEY_UILaunchStoryboardName = "Launch Screen.storyboard";
				INFOPLIST_KEY_UISupportedInterfaceOrientations_iPad = "UIInterfaceOrientationPortrait UIInterfaceOrientationPortraitUpsideDown UIInterfaceOrientationLandscapeLeft UIInterfaceOrientationLandscapeRight";
				INFOPLIST_KEY_UISupportedInterfaceOrientations_iPhone = "UIInterfaceOrientationPortrait UIInterfaceOrientationLandscapeLeft UIInterfaceOrientationLandscapeRight";
				LD_RUNPATH_SEARCH_PATHS = (
					"$(inherited)",
					"@executable_path/Frameworks",
				);
				MARKETING_VERSION = 1.0;
				PRODUCT_BUNDLE_IDENTIFIER = Snow.Sevastopol;
				PRODUCT_NAME = "$(TARGET_NAME)";
				SUPPORTED_PLATFORMS = "iphoneos iphonesimulator";
				SUPPORTS_MACCATALYST = NO;
				SUPPORTS_MAC_DESIGNED_FOR_IPHONE_IPAD = NO;
				SWIFT_EMIT_LOC_STRINGS = YES;
				SWIFT_VERSION = 5.0;
				TARGETED_DEVICE_FAMILY = 1;
			};
			name = Release;
		};
/* End XCBuildConfiguration section */

/* Begin XCConfigurationList section */
		C229BC382A1FF4890017D4F3 /* Build configuration list for PBXProject "Sevastopol" */ = {
			isa = XCConfigurationList;
			buildConfigurations = (
				C229BC492A1FF48C0017D4F3 /* Debug */,
				C229BC4A2A1FF48C0017D4F3 /* Release */,
			);
			defaultConfigurationIsVisible = 0;
			defaultConfigurationName = Release;
		};
		C229BC4B2A1FF48C0017D4F3 /* Build configuration list for PBXNativeTarget "Sevastopol" */ = {
			isa = XCConfigurationList;
			buildConfigurations = (
				C229BC4C2A1FF48C0017D4F3 /* Debug */,
				C229BC4D2A1FF48C0017D4F3 /* Release */,
			);
			defaultConfigurationIsVisible = 0;
			defaultConfigurationName = Release;
		};
/* End XCConfigurationList section */
	};
	rootObject = C229BC352A1FF4890017D4F3 /* Project object */;
}
